
Microsoft Visual Studio Solution File, Format Version 12.00
# Visual Studio 15
VisualStudioVersion = 15.0.28010.2046
MinimumVisualStudioVersion = 10.0.40219.1
Project("{FAE04EC0-301F-11D3-BF4B-00C04F79EFBC}") = "Myweb", "Myweb\Myweb.csproj", "{E7A8CB4F-754B-4B03-B38A-6B2458B32DB1}"
EndProject
Global
	GlobalSection(SolutionConfigurationPlatforms) = preSolution
		Debug|Any CPU = Debug|Any CPU
		Release|Any CPU = Release|Any CPU
	EndGlobalSection
	GlobalSection(ProjectConfigurationPlatforms) = postSolution
		{E7A8CB4F-754B-4B03-B38A-6B2458B32DB1}.Debug|Any CPU.ActiveCfg = Debug|Any CPU
		{E7A8CB4F-754B-4B03-B38A-6B2458B32DB1}.Debug|Any CPU.Build.0 = Debug|Any CPU
		{E7A8CB4F-754B-4B03-B38A-6B2458B32DB1}.Release|Any CPU.ActiveCfg = Release|Any CPU
		{E7A8CB4F-754B-4B03-B38A-6B2458B32DB1}.Release|Any CPU.Build.0 = Release|Any CPU
	EndGlobalSection
	GlobalSection(SolutionProperties) = preSolution
		HideSolutionNode = FALSE
	EndGlobalSection
	GlobalSection(ExtensibilityGlobals) = postSolution
		SolutionGuid = {9FE253EB-0FB4-4BE7-BF64-6E3ED0C917BF}
	EndGlobalSection
EndGlobal
